
Microsoft Visual Studio Solution File, Format Version 12.00
# Visual Studio 14
VisualStudioVersion = 14.0.23107.0
MinimumVisualStudioVersion = 10.0.40219.1
Project("{8BC9CEB8-8B4A-11D0-8D11-00A0C91BC942}") = "kivos", "HelloWorld2\HelloWorld2.vcxproj", "{DED7D7EF-1A04-401C-9D35-3332CD2F4F1B}"
EndProject
Global
	GlobalSection(SolutionConfigurationPlatforms) = preSolution
		Debug|x64 = Debug|x64
		Debug|x86 = Debug|x86
		Release|x64 = Release|x64
		Release|x86 = Release|x86
		res|x64 = res|x64
		res|x86 = res|x86
	EndGlobalSection
	GlobalSection(ProjectConfigurationPlatforms) = postSolution
		{DED7D7EF-1A04-401C-9D35-3332CD2F4F1B}.Debug|x64.ActiveCfg = Debug|x64
		{DED7D7EF-1A04-401C-9D35-3332CD2F4F1B}.Debug|x64.Build.0 = Debug|x64
		{DED7D7EF-1A04-401C-9D35-3332CD2F4F1B}.Debug|x86.ActiveCfg = Debug|Win32
		{DED7D7EF-1A04-401C-9D35-3332CD2F4F1B}.Debug|x86.Build.0 = Debug|Win32
		{DED7D7EF-1A04-401C-9D35-3332CD2F4F1B}.Release|x64.ActiveCfg = Release|x64
		{DED7D7EF-1A04-401C-9D35-3332CD2F4F1B}.Release|x64.Build.0 = Release|x64
		{DED7D7EF-1A04-401C-9D35-3332CD2F4F1B}.Release|x86.ActiveCfg = Release|Win32
		{DED7D7EF-1A04-401C-9D35-3332CD2F4F1B}.Release|x86.Build.0 = Release|Win32
		{DED7D7EF-1A04-401C-9D35-3332CD2F4F1B}.res|x64.ActiveCfg = res|x64
		{DED7D7EF-1A04-401C-9D35-3332CD2F4F1B}.res|x64.Build.0 = res|x64
		{DED7D7EF-1A04-401C-9D35-3332CD2F4F1B}.res|x86.ActiveCfg = res|Win32
		{DED7D7EF-1A04-401C-9D35-3332CD2F4F1B}.res|x86.Build.0 = res|Win32
	EndGlobalSection
	GlobalSection(SolutionProperties) = preSolution
		HideSolutionNode = FALSE
	EndGlobalSection
EndGlobal
